{
  "nodes": {
    "nixpkgs": {
      "locked": {
        "lastModified": 1645159530,
        "narHash": "sha256-RXBjZ4hwKI/aAgHk3prUFmHIb0BkIBkHRN8l01Z5yXk=",
        "owner": "nixos",
        "repo": "nixpkgs",
        "rev": "4afca382d80b68bff9e154a97210e5a7bf5df8b3",
        "type": "github"
      },
      "original": {
        "owner": "nixos",
        "ref": "nixos-21.11",
        "repo": "nixpkgs",
        "type": "github"
      }
    },
    "nixpkgs-unstable": {
      "locked": {
        "lastModified": 1645334861,
        "narHash": "sha256-We9ECiMglthzbZ5S6Myqqf+RHzBFZPoM2qL5/jDkUjs=",
        "owner": "NixOS",
        "repo": "nixpkgs",
        "rev": "d5f237872975e6fb6f76eef1368b5634ffcd266f",
        "type": "github"
      },
      "original": {
        "owner": "NixOS",
        "ref": "nixos-unstable",
        "repo": "nixpkgs",
        "type": "github"
      }
    },
    "root": {
      "inputs": {
        "nixpkgs": "nixpkgs",
        "nixpkgs-unstable": "nixpkgs-unstable"
      }
    }
  },
  "root": "root",
  "version": 7
}
